
Microsoft Visual Studio Solution File, Format Version 12.00
# Visual Studio 2012
Project("{FAE04EC0-301F-11D3-BF4B-00C04F79EFBC}") = "Exe 3", "Exe 3\Exe 3.csproj", "{A43F4E46-188D-42D6-8F66-5E90772408AF}"
EndProject
Global
	GlobalSection(SolutionConfigurationPlatforms) = preSolution
		Debug|Any CPU = Debug|Any CPU
		Release|Any CPU = Release|Any CPU
	EndGlobalSection
	GlobalSection(ProjectConfigurationPlatforms) = postSolution
		{A43F4E46-188D-42D6-8F66-5E90772408AF}.Debug|Any CPU.ActiveCfg = Debug|Any CPU
		{A43F4E46-188D-42D6-8F66-5E90772408AF}.Debug|Any CPU.Build.0 = Debug|Any CPU
		{A43F4E46-188D-42D6-8F66-5E90772408AF}.Release|Any CPU.ActiveCfg = Release|Any CPU
		{A43F4E46-188D-42D6-8F66-5E90772408AF}.Release|Any CPU.Build.0 = Release|Any CPU
	EndGlobalSection
	GlobalSection(SolutionProperties) = preSolution
		HideSolutionNode = FALSE
	EndGlobalSection
EndGlobal
