
Microsoft Visual Studio Solution File, Format Version 12.00
# Visual Studio 2012
Project("{FAE04EC0-301F-11D3-BF4B-00C04F79EFBC}") = "CadernoDecoraFestas", "CadernoDecoraFestas\CadernoDecoraFestas.csproj", "{AA4D025D-97F5-4E5A-849C-A806292BDE55}"
EndProject
Global
	GlobalSection(SolutionConfigurationPlatforms) = preSolution
		Debug|Any CPU = Debug|Any CPU
		Release|Any CPU = Release|Any CPU
	EndGlobalSection
	GlobalSection(ProjectConfigurationPlatforms) = postSolution
		{AA4D025D-97F5-4E5A-849C-A806292BDE55}.Debug|Any CPU.ActiveCfg = Debug|Any CPU
		{AA4D025D-97F5-4E5A-849C-A806292BDE55}.Debug|Any CPU.Build.0 = Debug|Any CPU
		{AA4D025D-97F5-4E5A-849C-A806292BDE55}.Release|Any CPU.ActiveCfg = Release|Any CPU
		{AA4D025D-97F5-4E5A-849C-A806292BDE55}.Release|Any CPU.Build.0 = Release|Any CPU
	EndGlobalSection
	GlobalSection(SolutionProperties) = preSolution
		HideSolutionNode = FALSE
	EndGlobalSection
EndGlobal
