
Microsoft Visual Studio Solution File, Format Version 12.00
# Visual Studio 2012
Project("{FAE04EC0-301F-11D3-BF4B-00C04F79EFBC}") = "Exe1", "Exe1\Exe1.csproj", "{91A297C0-63E7-4C16-B4DE-649EA20F912A}"
EndProject
Project("{FAE04EC0-301F-11D3-BF4B-00C04F79EFBC}") = "ValidaSalario", "ValidaSalario\ValidaSalario.csproj", "{9A79230C-B93B-4977-A8E5-F40B24B712B7}"
EndProject
Global
	GlobalSection(SolutionConfigurationPlatforms) = preSolution
		Debug|Any CPU = Debug|Any CPU
		Release|Any CPU = Release|Any CPU
	EndGlobalSection
	GlobalSection(ProjectConfigurationPlatforms) = postSolution
		{91A297C0-63E7-4C16-B4DE-649EA20F912A}.Debug|Any CPU.ActiveCfg = Debug|Any CPU
		{91A297C0-63E7-4C16-B4DE-649EA20F912A}.Debug|Any CPU.Build.0 = Debug|Any CPU
		{91A297C0-63E7-4C16-B4DE-649EA20F912A}.Release|Any CPU.ActiveCfg = Release|Any CPU
		{91A297C0-63E7-4C16-B4DE-649EA20F912A}.Release|Any CPU.Build.0 = Release|Any CPU
		{9A79230C-B93B-4977-A8E5-F40B24B712B7}.Debug|Any CPU.ActiveCfg = Debug|Any CPU
		{9A79230C-B93B-4977-A8E5-F40B24B712B7}.Debug|Any CPU.Build.0 = Debug|Any CPU
		{9A79230C-B93B-4977-A8E5-F40B24B712B7}.Release|Any CPU.ActiveCfg = Release|Any CPU
		{9A79230C-B93B-4977-A8E5-F40B24B712B7}.Release|Any CPU.Build.0 = Release|Any CPU
	EndGlobalSection
	GlobalSection(SolutionProperties) = preSolution
		HideSolutionNode = FALSE
	EndGlobalSection
EndGlobal
