
Microsoft Visual Studio Solution File, Format Version 12.00
# Visual Studio 2012
Project("{FAE04EC0-301F-11D3-BF4B-00C04F79EFBC}") = "Exe 3 MVP", "Exe 3 MVP\Exe 3 MVP.csproj", "{6E0602C2-3D4F-4CD6-8BC9-5C6246B0B019}"
EndProject
Global
	GlobalSection(SolutionConfigurationPlatforms) = preSolution
		Debug|Any CPU = Debug|Any CPU
		Release|Any CPU = Release|Any CPU
	EndGlobalSection
	GlobalSection(ProjectConfigurationPlatforms) = postSolution
		{6E0602C2-3D4F-4CD6-8BC9-5C6246B0B019}.Debug|Any CPU.ActiveCfg = Debug|Any CPU
		{6E0602C2-3D4F-4CD6-8BC9-5C6246B0B019}.Debug|Any CPU.Build.0 = Debug|Any CPU
		{6E0602C2-3D4F-4CD6-8BC9-5C6246B0B019}.Release|Any CPU.ActiveCfg = Release|Any CPU
		{6E0602C2-3D4F-4CD6-8BC9-5C6246B0B019}.Release|Any CPU.Build.0 = Release|Any CPU
	EndGlobalSection
	GlobalSection(SolutionProperties) = preSolution
		HideSolutionNode = FALSE
	EndGlobalSection
EndGlobal
